{
  "nodes": {
    "nixpkgs": {
      "locked": {
        "lastModified": 1743987495,
        "narHash": "sha256-46T2vMZ4/AfCK0Y2OjlFzJPxmdpP8GtsuEqSSJv3oe4=",
        "owner": "NixOS",
        "repo": "nixpkgs",
        "rev": "db8f4fe18ce772a9c8f3adf321416981c8fe9371",
        "type": "github"
      },
      "original": {
        "owner": "NixOS",
        "ref": "nixos-24.11-small",
        "repo": "nixpkgs",
        "type": "github"
      }
    },
    "root": {
      "inputs": {
        "nixpkgs": "nixpkgs"
      }
    }
  },
  "root": "root",
  "version": 7
}
